
Microsoft Visual Studio Solution File, Format Version 12.00
# Visual Studio Version 16
VisualStudioVersion = 16.0.30503.244
MinimumVisualStudioVersion = 10.0.40219.1
Project("{FAE04EC0-301F-11D3-BF4B-00C04F79EFBC}") = "MOD03HtmlBasics", "MOD03HtmlBasics\MOD03HtmlBasics.csproj", "{CD7BB9F6-E5EF-41CF-8E55-C8BC1265A6A1}"
EndProject
Global
	GlobalSection(SolutionConfigurationPlatforms) = preSolution
		Debug|Any CPU = Debug|Any CPU
		Release|Any CPU = Release|Any CPU
	EndGlobalSection
	GlobalSection(ProjectConfigurationPlatforms) = postSolution
		{CD7BB9F6-E5EF-41CF-8E55-C8BC1265A6A1}.Debug|Any CPU.ActiveCfg = Debug|Any CPU
		{CD7BB9F6-E5EF-41CF-8E55-C8BC1265A6A1}.Debug|Any CPU.Build.0 = Debug|Any CPU
		{CD7BB9F6-E5EF-41CF-8E55-C8BC1265A6A1}.Release|Any CPU.ActiveCfg = Release|Any CPU
		{CD7BB9F6-E5EF-41CF-8E55-C8BC1265A6A1}.Release|Any CPU.Build.0 = Release|Any CPU
	EndGlobalSection
	GlobalSection(SolutionProperties) = preSolution
		HideSolutionNode = FALSE
	EndGlobalSection
	GlobalSection(ExtensibilityGlobals) = postSolution
		SolutionGuid = {CE4696A0-DDA1-4809-9882-463962215324}
	EndGlobalSection
EndGlobal
